
Microsoft Visual Studio Solution File, Format Version 12.00
# Visual Studio Version 17
VisualStudioVersion = 17.1.32210.238
MinimumVisualStudioVersion = 10.0.40219.1
Project("{FAE04EC0-301F-11D3-BF4B-00C04F79EFBC}") = "tydz2zad4", "tydz2zad4\tydz2zad4.csproj", "{C2231378-974C-46C7-84B6-94B506CFA6C5}"
EndProject
Global
	GlobalSection(SolutionConfigurationPlatforms) = preSolution
		Debug|Any CPU = Debug|Any CPU
		Release|Any CPU = Release|Any CPU
	EndGlobalSection
	GlobalSection(ProjectConfigurationPlatforms) = postSolution
		{C2231378-974C-46C7-84B6-94B506CFA6C5}.Debug|Any CPU.ActiveCfg = Debug|Any CPU
		{C2231378-974C-46C7-84B6-94B506CFA6C5}.Debug|Any CPU.Build.0 = Debug|Any CPU
		{C2231378-974C-46C7-84B6-94B506CFA6C5}.Release|Any CPU.ActiveCfg = Release|Any CPU
		{C2231378-974C-46C7-84B6-94B506CFA6C5}.Release|Any CPU.Build.0 = Release|Any CPU
	EndGlobalSection
	GlobalSection(SolutionProperties) = preSolution
		HideSolutionNode = FALSE
	EndGlobalSection
	GlobalSection(ExtensibilityGlobals) = postSolution
		SolutionGuid = {281E496D-7D67-424B-B827-599BCBEFF63E}
	EndGlobalSection
EndGlobal
